// !$*UTF8*$!
{
	archiveVersion = 1;
	classes = {
	};
	objectVersion = 55;
	objects = {

/* Begin PBXBuildFile section */
		F34082992885042D0092DC54 /* AppDelegate.swift in Sources */ = {isa = PBXBuildFile; fileRef = F34082982885042D0092DC54 /* AppDelegate.swift */; };
		F340829B2885042D0092DC54 /* SceneDelegate.swift in Sources */ = {isa = PBXBuildFile; fileRef = F340829A2885042D0092DC54 /* SceneDelegate.swift */; };
		F340829D2885042D0092DC54 /* ViewController.swift in Sources */ = {isa = PBXBuildFile; fileRef = F340829C2885042D0092DC54 /* ViewController.swift */; };
		F34082A2288504320092DC54 /* Assets.xcassets in Resources */ = {isa = PBXBuildFile; fileRef = F34082A1288504320092DC54 /* Assets.xcassets */; };
		F34082A5288504320092DC54 /* LaunchScreen.storyboard in Resources */ = {isa = PBXBuildFile; fileRef = F34082A3288504320092DC54 /* LaunchScreen.storyboard */; };
		F34082C1288513A90092DC54 /* WeatherViewController.swift in Sources */ = {isa = PBXBuildFile; fileRef = F34082B2288513A90092DC54 /* WeatherViewController.swift */; };
		F34082C3288513A90092DC54 /* WeatherData.swift in Sources */ = {isa = PBXBuildFile; fileRef = F34082B5288513A90092DC54 /* WeatherData.swift */; };
		F34082C4288513A90092DC54 /* WeatherModel.swift in Sources */ = {isa = PBXBuildFile; fileRef = F34082B6288513A90092DC54 /* WeatherModel.swift */; };
		F34082C5288513A90092DC54 /* WeatherManager.swift in Sources */ = {isa = PBXBuildFile; fileRef = F34082B7288513A90092DC54 /* WeatherManager.swift */; };
		F34082C6288513A90092DC54 /* Main.storyboard in Resources */ = {isa = PBXBuildFile; fileRef = F34082B9288513A90092DC54 /* Main.storyboard */; };
/* End PBXBuildFile section */

/* Begin PBXFileReference section */
		F34082952885042D0092DC54 /* Weather-App.app */ = {isa = PBXFileReference; explicitFileType = wrapper.application; includeInIndex = 0; path = "Weather-App.app"; sourceTree = BUILT_PRODUCTS_DIR; };
		F34082982885042D0092DC54 /* AppDelegate.swift */ = {isa = PBXFileReference; lastKnownFileType = sourcecode.swift; path = AppDelegate.swift; sourceTree = "<group>"; };
		F340829A2885042D0092DC54 /* SceneDelegate.swift */ = {isa = PBXFileReference; lastKnownFileType = sourcecode.swift; path = SceneDelegate.swift; sourceTree = "<group>"; };
		F340829C2885042D0092DC54 /* ViewController.swift */ = {isa = PBXFileReference; lastKnownFileType = sourcecode.swift; path = ViewController.swift; sourceTree = "<group>"; };
		F34082A1288504320092DC54 /* Assets.xcassets */ = {isa = PBXFileReference; lastKnownFileType = folder.assetcatalog; path = Assets.xcassets; sourceTree = "<group>"; };
		F34082A4288504320092DC54 /* Base */ = {isa = PBXFileReference; lastKnownFileType = file.storyboard; name = Base; path = Base.lproj/LaunchScreen.storyboard; sourceTree = "<group>"; };
		F34082A6288504320092DC54 /* Info.plist */ = {isa = PBXFileReference; lastKnownFileType = text.plist.xml; path = Info.plist; sourceTree = "<group>"; };
		F34082B2288513A90092DC54 /* WeatherViewController.swift */ = {isa = PBXFileReference; fileEncoding = 4; lastKnownFileType = sourcecode.swift; path = WeatherViewController.swift; sourceTree = "<group>"; };
		F34082B5288513A90092DC54 /* WeatherData.swift */ = {isa = PBXFileReference; fileEncoding = 4; lastKnownFileType = sourcecode.swift; path = WeatherData.swift; sourceTree = "<group>"; };
		F34082B6288513A90092DC54 /* WeatherModel.swift */ = {isa = PBXFileReference; fileEncoding = 4; lastKnownFileType = sourcecode.swift; path = WeatherModel.swift; sourceTree = "<group>"; };
		F34082B7288513A90092DC54 /* WeatherManager.swift */ = {isa = PBXFileReference; fileEncoding = 4; lastKnownFileType = sourcecode.swift; path = WeatherManager.swift; sourceTree = "<group>"; };
		F34082BA288513A90092DC54 /* Base */ = {isa = PBXFileReference; lastKnownFileType = file.storyboard; name = Base; path = Base.lproj/Main.storyboard; sourceTree = "<group>"; };
/* End PBXFileReference section */

/* Begin PBXFrameworksBuildPhase section */
		F34082922885042D0092DC54 /* Frameworks */ = {
			isa = PBXFrameworksBuildPhase;
			buildActionMask = 2147483647;
			files = (
			);
			runOnlyForDeploymentPostprocessing = 0;
		};
/* End PBXFrameworksBuildPhase section */

/* Begin PBXGroup section */
		F340828C2885042D0092DC54 = {
			isa = PBXGroup;
			children = (
				F34082972885042D0092DC54 /* Weather-App */,
				F34082962885042D0092DC54 /* Products */,
			);
			sourceTree = "<group>";
		};
		F34082962885042D0092DC54 /* Products */ = {
			isa = PBXGroup;
			children = (
				F34082952885042D0092DC54 /* Weather-App.app */,
			);
			name = Products;
			sourceTree = "<group>";
		};
		F34082972885042D0092DC54 /* Weather-App */ = {
			isa = PBXGroup;
			children = (
				F34082982885042D0092DC54 /* AppDelegate.swift */,
				F340829A2885042D0092DC54 /* SceneDelegate.swift */,
				F340829C2885042D0092DC54 /* ViewController.swift */,
				F34082B8288513A90092DC54 /* View */,
				F34082B1288513A90092DC54 /* Controller */,
				F34082B4288513A90092DC54 /* Model */,
				F34082A1288504320092DC54 /* Assets.xcassets */,
				F34082A3288504320092DC54 /* LaunchScreen.storyboard */,
				F34082A6288504320092DC54 /* Info.plist */,
			);
			path = "Weather-App";
			sourceTree = "<group>";
		};
		F34082B1288513A90092DC54 /* Controller */ = {
			isa = PBXGroup;
			children = (
				F34082B2288513A90092DC54 /* WeatherViewController.swift */,
			);
			path = Controller;
			sourceTree = "<group>";
		};
		F34082B4288513A90092DC54 /* Model */ = {
			isa = PBXGroup;
			children = (
				F34082B5288513A90092DC54 /* WeatherData.swift */,
				F34082B6288513A90092DC54 /* WeatherModel.swift */,
				F34082B7288513A90092DC54 /* WeatherManager.swift */,
			);
			path = Model;
			sourceTree = "<group>";
		};
		F34082B8288513A90092DC54 /* View */ = {
			isa = PBXGroup;
			children = (
				F34082B9288513A90092DC54 /* Main.storyboard */,
			);
			path = View;
			sourceTree = "<group>";
		};
/* End PBXGroup section */

/* Begin PBXNativeTarget section */
		F34082942885042D0092DC54 /* Weather-App */ = {
			isa = PBXNativeTarget;
			buildConfigurationList = F34082A9288504320092DC54 /* Build configuration list for PBXNativeTarget "Weather-App" */;
			buildPhases = (
				F34082912885042D0092DC54 /* Sources */,
				F34082922885042D0092DC54 /* Frameworks */,
				F34082932885042D0092DC54 /* Resources */,
			);
			buildRules = (
			);
			dependencies = (
			);
			name = "Weather-App";
			productName = "Weather-App";
			productReference = F34082952885042D0092DC54 /* Weather-App.app */;
			productType = "com.apple.product-type.application";
		};
/* End PBXNativeTarget section */

/* Begin PBXProject section */
		F340828D2885042D0092DC54 /* Project object */ = {
			isa = PBXProject;
			attributes = {
				BuildIndependentTargetsInParallel = 1;
				LastSwiftUpdateCheck = 1340;
				LastUpgradeCheck = 1340;
				TargetAttributes = {
					F34082942885042D0092DC54 = {
						CreatedOnToolsVersion = 13.4.1;
					};
				};
			};
			buildConfigurationList = F34082902885042D0092DC54 /* Build configuration list for PBXProject "Weather-App" */;
			compatibilityVersion = "Xcode 13.0";
			developmentRegion = en;
			hasScannedForEncodings = 0;
			knownRegions = (
				en,
				Base,
			);
			mainGroup = F340828C2885042D0092DC54;
			productRefGroup = F34082962885042D0092DC54 /* Products */;
			projectDirPath = "";
			projectRoot = "";
			targets = (
				F34082942885042D0092DC54 /* Weather-App */,
			);
		};
/* End PBXProject section */

/* Begin PBXResourcesBuildPhase section */
		F34082932885042D0092DC54 /* Resources */ = {
			isa = PBXResourcesBuildPhase;
			buildActionMask = 2147483647;
			files = (
				F34082A5288504320092DC54 /* LaunchScreen.storyboard in Resources */,
				F34082A2288504320092DC54 /* Assets.xcassets in Resources */,
				F34082C6288513A90092DC54 /* Main.storyboard in Resources */,
			);
			runOnlyForDeploymentPostprocessing = 0;
		};
/* End PBXResourcesBuildPhase section */

/* Begin PBXSourcesBuildPhase section */
		F34082912885042D0092DC54 /* Sources */ = {
			isa = PBXSourcesBuildPhase;
			buildActionMask = 2147483647;
			files = (
				F340829D2885042D0092DC54 /* ViewController.swift in Sources */,
				F34082C3288513A90092DC54 /* WeatherData.swift in Sources */,
				F34082C1288513A90092DC54 /* WeatherViewController.swift in Sources */,
				F34082992885042D0092DC54 /* AppDelegate.swift in Sources */,
				F34082C5288513A90092DC54 /* WeatherManager.swift in Sources */,
				F34082C4288513A90092DC54 /* WeatherModel.swift in Sources */,
				F340829B2885042D0092DC54 /* SceneDelegate.swift in Sources */,
			);
			runOnlyForDeploymentPostprocessing = 0;
		};
/* End PBXSourcesBuildPhase section */

/* Begin PBXVariantGroup section */
		F34082A3288504320092DC54 /* LaunchScreen.storyboard */ = {
			isa = PBXVariantGroup;
			children = (
				F34082A4288504320092DC54 /* Base */,
			);
			name = LaunchScreen.storyboard;
			sourceTree = "<group>";
		};
		F34082B9288513A90092DC54 /* Main.storyboard */ = {
			isa = PBXVariantGroup;
			children = (
				F34082BA288513A90092DC54 /* Base */,
			);
			name = Main.storyboard;
			sourceTree = "<group>";
		};
/* End PBXVariantGroup section */

/* Begin XCBuildConfiguration section */
		F34082A7288504320092DC54 /* Debug */ = {
			isa = XCBuildConfiguration;
			buildSettings = {
				ALWAYS_SEARCH_USER_PATHS = NO;
				CLANG_ANALYZER_NONNULL = YES;
				CLANG_ANALYZER_NUMBER_OBJECT_CONVERSION = YES_AGGRESSIVE;
				CLANG_CXX_LANGUAGE_STANDARD = "gnu++17";
				CLANG_ENABLE_MODULES = YES;
				CLANG_ENABLE_OBJC_ARC = YES;
				CLANG_ENABLE_OBJC_WEAK = YES;
				CLANG_WARN_BLOCK_CAPTURE_AUTORELEASING = YES;
				CLANG_WARN_BOOL_CONVERSION = YES;
				CLANG_WARN_COMMA = YES;
				CLANG_WARN_CONSTANT_CONVERSION = YES;
				CLANG_WARN_DEPRECATED_OBJC_IMPLEMENTATIONS = YES;
				CLANG_WARN_DIRECT_OBJC_ISA_USAGE = YES_ERROR;
				CLANG_WARN_DOCUMENTATION_COMMENTS = YES;
				CLANG_WARN_EMPTY_BODY = YES;
				CLANG_WARN_ENUM_CONVERSION = YES;
				CLANG_WARN_INFINITE_RECURSION = YES;
				CLANG_WARN_INT_CONVERSION = YES;
				CLANG_WARN_NON_LITERAL_NULL_CONVERSION = YES;
				CLANG_WARN_OBJC_IMPLICIT_RETAIN_SELF = YES;
				CLANG_WARN_OBJC_LITERAL_CONVERSION = YES;
				CLANG_WARN_OBJC_ROOT_CLASS = YES_ERROR;
				CLANG_WARN_QUOTED_INCLUDE_IN_FRAMEWORK_HEADER = YES;
				CLANG_WARN_RANGE_LOOP_ANALYSIS = YES;
				CLANG_WARN_STRICT_PROTOTYPES = YES;
				CLANG_WARN_SUSPICIOUS_MOVE = YES;
				CLANG_WARN_UNGUARDED_AVAILABILITY = YES_AGGRESSIVE;
				CLANG_WARN_UNREACHABLE_CODE = YES;
				CLANG_WARN__DUPLICATE_METHOD_MATCH = YES;
				COPY_PHASE_STRIP = NO;
				DEBUG_INFORMATION_FORMAT = dwarf;
				ENABLE_STRICT_OBJC_MSGSEND = YES;
				ENABLE_TESTABILITY = YES;
				GCC_C_LANGUAGE_STANDARD = gnu11;
				GCC_DYNAMIC_NO_PIC = NO;
				GCC_NO_COMMON_BLOCKS = YES;
				GCC_OPTIMIZATION_LEVEL = 0;
				GCC_PREPROCESSOR_DEFINITIONS = (
					"DEBUG=1",
					"$(inherited)",
				);
				GCC_WARN_64_TO_32_BIT_CONVERSION = YES;
				GCC_WARN_ABOUT_RETURN_TYPE = YES_ERROR;
				GCC_WARN_UNDECLARED_SELECTOR = YES;
				GCC_WARN_UNINITIALIZED_AUTOS = YES_AGGRESSIVE;
				GCC_WARN_UNUSED_FUNCTION = YES;
				GCC_WARN_UNUSED_VARIABLE = YES;
				IPHONEOS_DEPLOYMENT_TARGET = 15.5;
				MTL_ENABLE_DEBUG_INFO = INCLUDE_SOURCE;
				MTL_FAST_MATH = YES;
				ONLY_ACTIVE_ARCH = YES;
				SDKROOT = iphoneos;
				SWIFT_ACTIVE_COMPILATION_CONDITIONS = DEBUG;
				SWIFT_OPTIMIZATION_LEVEL = "-Onone";
			};
			name = Debug;
		};
		F34082A8288504320092DC54 /* Release */ = {
			isa = XCBuildConfiguration;
			buildSettings = {
				ALWAYS_SEARCH_USER_PATHS = NO;
				CLANG_ANALYZER_NONNULL = YES;
				CLANG_ANALYZER_NUMBER_OBJECT_CONVERSION = YES_AGGRESSIVE;
				CLANG_CXX_LANGUAGE_STANDARD = "gnu++17";
				CLANG_ENABLE_MODULES = YES;
				CLANG_ENABLE_OBJC_ARC = YES;
				CLANG_ENABLE_OBJC_WEAK = YES;
				CLANG_WARN_BLOCK_CAPTURE_AUTORELEASING = YES;
				CLANG_WARN_BOOL_CONVERSION = YES;
				CLANG_WARN_COMMA = YES;
				CLANG_WARN_CONSTANT_CONVERSION = YES;
				CLANG_WARN_DEPRECATED_OBJC_IMPLEMENTATIONS = YES;
				CLANG_WARN_DIRECT_OBJC_ISA_USAGE = YES_ERROR;
				CLANG_WARN_DOCUMENTATION_COMMENTS = YES;
				CLANG_WARN_EMPTY_BODY = YES;
				CLANG_WARN_ENUM_CONVERSION = YES;
				CLANG_WARN_INFINITE_RECURSION = YES;
				CLANG_WARN_INT_CONVERSION = YES;
				CLANG_WARN_NON_LITERAL_NULL_CONVERSION = YES;
				CLANG_WARN_OBJC_IMPLICIT_RETAIN_SELF = YES;
				CLANG_WARN_OBJC_LITERAL_CONVERSION = YES;
				CLANG_WARN_OBJC_ROOT_CLASS = YES_ERROR;
				CLANG_WARN_QUOTED_INCLUDE_IN_FRAMEWORK_HEADER = YES;
				CLANG_WARN_RANGE_LOOP_ANALYSIS = YES;
				CLANG_WARN_STRICT_PROTOTYPES = YES;
				CLANG_WARN_SUSPICIOUS_MOVE = YES;
				CLANG_WARN_UNGUARDED_AVAILABILITY = YES_AGGRESSIVE;
				CLANG_WARN_UNREACHABLE_CODE = YES;
				CLANG_WARN__DUPLICATE_METHOD_MATCH = YES;
				COPY_PHASE_STRIP = NO;
				DEBUG_INFORMATION_FORMAT = "dwarf-with-dsym";
				ENABLE_NS_ASSERTIONS = NO;
				ENABLE_STRICT_OBJC_MSGSEND = YES;
				GCC_C_LANGUAGE_STANDARD = gnu11;
				GCC_NO_COMMON_BLOCKS = YES;
				GCC_WARN_64_TO_32_BIT_CONVERSION = YES;
				GCC_WARN_ABOUT_RETURN_TYPE = YES_ERROR;
				GCC_WARN_UNDECLARED_SELECTOR = YES;
				GCC_WARN_UNINITIALIZED_AUTOS = YES_AGGRESSIVE;
				GCC_WARN_UNUSED_FUNCTION = YES;
				GCC_WARN_UNUSED_VARIABLE = YES;
				IPHONEOS_DEPLOYMENT_TARGET = 15.5;
				MTL_ENABLE_DEBUG_INFO = NO;
				MTL_FAST_MATH = YES;
				SDKROOT = iphoneos;
				SWIFT_COMPILATION_MODE = wholemodule;
				SWIFT_OPTIMIZATION_LEVEL = "-O";
				VALIDATE_PRODUCT = YES;
			};
			name = Release;
		};
		F34082AA288504320092DC54 /* Debug */ = {
			isa = XCBuildConfiguration;
			buildSettings = {
				ASSETCATALOG_COMPILER_APPICON_NAME = AppIcon;
				ASSETCATALOG_COMPILER_GLOBAL_ACCENT_COLOR_NAME = AccentColor;
				CODE_SIGN_STYLE = Automatic;
				CURRENT_PROJECT_VERSION = 1;
				DEVELOPMENT_TEAM = 8XHP6V2BP5;
				GENERATE_INFOPLIST_FILE = YES;
				INFOPLIST_FILE = "Weather-App/Info.plist";
				INFOPLIST_KEY_CFBundleDisplayName = "Klimato 4";
				INFOPLIST_KEY_UIApplicationSupportsIndirectInputEvents = YES;
				INFOPLIST_KEY_UILaunchStoryboardName = LaunchScreen;
				INFOPLIST_KEY_UIMainStoryboardFile = Main;
				INFOPLIST_KEY_UISupportedInterfaceOrientations_iPad = "UIInterfaceOrientationPortrait UIInterfaceOrientationPortraitUpsideDown UIInterfaceOrientationLandscapeLeft UIInterfaceOrientationLandscapeRight";
				INFOPLIST_KEY_UISupportedInterfaceOrientations_iPhone = "UIInterfaceOrientationPortrait UIInterfaceOrientationLandscapeLeft UIInterfaceOrientationLandscapeRight";
				LD_RUNPATH_SEARCH_PATHS = (
					"$(inherited)",
					"@executable_path/Frameworks",
				);
				MARKETING_VERSION = 1.0;
				PRODUCT_BUNDLE_IDENTIFIER = "com.anaoaraujo.Weather-App";
				PRODUCT_NAME = "$(TARGET_NAME)";
				SWIFT_EMIT_LOC_STRINGS = YES;
				SWIFT_VERSION = 5.0;
				TARGETED_DEVICE_FAMILY = "1,2";
			};
			name = Debug;
		};
		F34082AB288504320092DC54 /* Release */ = {
			isa = XCBuildConfiguration;
			buildSettings = {
				ASSETCATALOG_COMPILER_APPICON_NAME = AppIcon;
				ASSETCATALOG_COMPILER_GLOBAL_ACCENT_COLOR_NAME = AccentColor;
				CODE_SIGN_STYLE = Automatic;
				CURRENT_PROJECT_VERSION = 1;
				DEVELOPMENT_TEAM = 8XHP6V2BP5;
				GENERATE_INFOPLIST_FILE = YES;
				INFOPLIST_FILE = "Weather-App/Info.plist";
				INFOPLIST_KEY_CFBundleDisplayName = "Klimato 4";
				INFOPLIST_KEY_UIApplicationSupportsIndirectInputEvents = YES;
				INFOPLIST_KEY_UILaunchStoryboardName = LaunchScreen;
				INFOPLIST_KEY_UIMainStoryboardFile = Main;
				INFOPLIST_KEY_UISupportedInterfaceOrientations_iPad = "UIInterfaceOrientationPortrait UIInterfaceOrientationPortraitUpsideDown UIInterfaceOrientationLandscapeLeft UIInterfaceOrientationLandscapeRight";
				INFOPLIST_KEY_UISupportedInterfaceOrientations_iPhone = "UIInterfaceOrientationPortrait UIInterfaceOrientationLandscapeLeft UIInterfaceOrientationLandscapeRight";
				LD_RUNPATH_SEARCH_PATHS = (
					"$(inherited)",
					"@executable_path/Frameworks",
				);
				MARKETING_VERSION = 1.0;
				PRODUCT_BUNDLE_IDENTIFIER = "com.anaoaraujo.Weather-App";
				PRODUCT_NAME = "$(TARGET_NAME)";
				SWIFT_EMIT_LOC_STRINGS = YES;
				SWIFT_VERSION = 5.0;
				TARGETED_DEVICE_FAMILY = "1,2";
			};
			name = Release;
		};
/* End XCBuildConfiguration section */

/* Begin XCConfigurationList section */
		F34082902885042D0092DC54 /* Build configuration list for PBXProject "Weather-App" */ = {
			isa = XCConfigurationList;
			buildConfigurations = (
				F34082A7288504320092DC54 /* Debug */,
				F34082A8288504320092DC54 /* Release */,
			);
			defaultConfigurationIsVisible = 0;
			defaultConfigurationName = Release;
		};
		F34082A9288504320092DC54 /* Build configuration list for PBXNativeTarget "Weather-App" */ = {
			isa = XCConfigurationList;
			buildConfigurations = (
				F34082AA288504320092DC54 /* Debug */,
				F34082AB288504320092DC54 /* Release */,
			);
			defaultConfigurationIsVisible = 0;
			defaultConfigurationName = Release;
		};
/* End XCConfigurationList section */
	};
	rootObject = F340828D2885042D0092DC54 /* Project object */;
}
